
Microsoft Visual Studio Solution File, Format Version 12.00
# Visual Studio Version 17
VisualStudioVersion = 17.7.34024.191
MinimumVisualStudioVersion = 10.0.40219.1
Project("{9A19103F-16F7-4668-BE54-9A1E7A4F7556}") = "EmployeeManagement", "EmployeeManagement.csproj", "{B1131E0E-C9AC-43DB-AAC3-8B236B91E92C}"
EndProject
Global
	GlobalSection(SolutionConfigurationPlatforms) = preSolution
		Debug|Any CPU = Debug|Any CPU
		Release|Any CPU = Release|Any CPU
	EndGlobalSection
	GlobalSection(ProjectConfigurationPlatforms) = postSolution
		{B1131E0E-C9AC-43DB-AAC3-8B236B91E92C}.Debug|Any CPU.ActiveCfg = Debug|Any CPU
		{B1131E0E-C9AC-43DB-AAC3-8B236B91E92C}.Debug|Any CPU.Build.0 = Debug|Any CPU
		{B1131E0E-C9AC-43DB-AAC3-8B236B91E92C}.Release|Any CPU.ActiveCfg = Release|Any CPU
		{B1131E0E-C9AC-43DB-AAC3-8B236B91E92C}.Release|Any CPU.Build.0 = Release|Any CPU
	EndGlobalSection
	GlobalSection(SolutionProperties) = preSolution
		HideSolutionNode = FALSE
	EndGlobalSection
	GlobalSection(ExtensibilityGlobals) = postSolution
		SolutionGuid = {DCBD1AD5-67BC-4263-8472-D1CDB0EC4B66}
	EndGlobalSection
EndGlobal
